
Microsoft Visual Studio Solution File, Format Version 12.00
# Visual Studio Version 16
VisualStudioVersion = 16.0.31205.134
MinimumVisualStudioVersion = 10.0.40219.1
Project("{FAE04EC0-301F-11D3-BF4B-00C04F79EFBC}") = "Clones", "Clones.csproj", "{7A1C49BA-A936-44CB-B6C9-A28953D325FE}"
EndProject
Project("{FAE04EC0-301F-11D3-BF4B-00C04F79EFBC}") = "StackTests", "..\StackTests\StackTests.csproj", "{7230E928-D288-4119-8028-F1A1B8963587}"
EndProject
Global
	GlobalSection(SolutionConfigurationPlatforms) = preSolution
		Debug|Any CPU = Debug|Any CPU
		Release|Any CPU = Release|Any CPU
	EndGlobalSection
	GlobalSection(ProjectConfigurationPlatforms) = postSolution
		{7A1C49BA-A936-44CB-B6C9-A28953D325FE}.Debug|Any CPU.ActiveCfg = Debug|Any CPU
		{7A1C49BA-A936-44CB-B6C9-A28953D325FE}.Debug|Any CPU.Build.0 = Debug|Any CPU
		{7A1C49BA-A936-44CB-B6C9-A28953D325FE}.Release|Any CPU.ActiveCfg = Release|Any CPU
		{7A1C49BA-A936-44CB-B6C9-A28953D325FE}.Release|Any CPU.Build.0 = Release|Any CPU
		{7230E928-D288-4119-8028-F1A1B8963587}.Debug|Any CPU.ActiveCfg = Debug|Any CPU
		{7230E928-D288-4119-8028-F1A1B8963587}.Debug|Any CPU.Build.0 = Debug|Any CPU
		{7230E928-D288-4119-8028-F1A1B8963587}.Release|Any CPU.ActiveCfg = Release|Any CPU
		{7230E928-D288-4119-8028-F1A1B8963587}.Release|Any CPU.Build.0 = Release|Any CPU
	EndGlobalSection
	GlobalSection(SolutionProperties) = preSolution
		HideSolutionNode = FALSE
	EndGlobalSection
	GlobalSection(ExtensibilityGlobals) = postSolution
		SolutionGuid = {7AE5DD37-D8F1-49C0-AE6B-ED4F1D524C64}
	EndGlobalSection
EndGlobal
